
Microsoft Visual Studio Solution File, Format Version 12.00
# Visual Studio Version 17
VisualStudioVersion = 17.3.32922.545
MinimumVisualStudioVersion = 10.0.40219.1
Project("{FAE04EC0-301F-11D3-BF4B-00C04F79EFBC}") = "EMConsole", "EMConsole\EMConsole.csproj", "{5F31B4BB-D199-4CFC-B511-A8256CB7A6E2}"
EndProject
Project("{FAE04EC0-301F-11D3-BF4B-00C04F79EFBC}") = "EMDataAccess", "EMDataAccess\EMDataAccess.csproj", "{CD5BCF57-1E68-4ED7-83A9-5F7F6F3CF75B}"
EndProject
Global
	GlobalSection(SolutionConfigurationPlatforms) = preSolution
		Debug|Any CPU = Debug|Any CPU
		Release|Any CPU = Release|Any CPU
	EndGlobalSection
	GlobalSection(ProjectConfigurationPlatforms) = postSolution
		{5F31B4BB-D199-4CFC-B511-A8256CB7A6E2}.Debug|Any CPU.ActiveCfg = Debug|Any CPU
		{5F31B4BB-D199-4CFC-B511-A8256CB7A6E2}.Debug|Any CPU.Build.0 = Debug|Any CPU
		{5F31B4BB-D199-4CFC-B511-A8256CB7A6E2}.Release|Any CPU.ActiveCfg = Release|Any CPU
		{5F31B4BB-D199-4CFC-B511-A8256CB7A6E2}.Release|Any CPU.Build.0 = Release|Any CPU
		{CD5BCF57-1E68-4ED7-83A9-5F7F6F3CF75B}.Debug|Any CPU.ActiveCfg = Debug|Any CPU
		{CD5BCF57-1E68-4ED7-83A9-5F7F6F3CF75B}.Debug|Any CPU.Build.0 = Debug|Any CPU
		{CD5BCF57-1E68-4ED7-83A9-5F7F6F3CF75B}.Release|Any CPU.ActiveCfg = Release|Any CPU
		{CD5BCF57-1E68-4ED7-83A9-5F7F6F3CF75B}.Release|Any CPU.Build.0 = Release|Any CPU
	EndGlobalSection
	GlobalSection(SolutionProperties) = preSolution
		HideSolutionNode = FALSE
	EndGlobalSection
	GlobalSection(ExtensibilityGlobals) = postSolution
		SolutionGuid = {9BB56C27-25F7-4F32-AFF8-68DBA8C2B746}
	EndGlobalSection
EndGlobal
